
Microsoft Visual Studio Solution File, Format Version 12.00
# Visual Studio Version 17
VisualStudioVersion = 17.12.35707.178
MinimumVisualStudioVersion = 10.0.40219.1
Project("{2150E333-8FDC-42A3-9474-1A3956D46DE8}") = "DbContext", "DbContext", "{1FD74CB3-1CCC-42A2-BE2F-F7726059268C}"
EndProject
Project("{FAE04EC0-301F-11D3-BF4B-00C04F79EFBC}") = "DbContext_InternalConfiguration", "DbContext\DbContext_InternalConfiguration\DbContext_InternalConfiguration.csproj", "{8427D2A6-983F-4A50-8961-7FAACF536793}"
EndProject
Project("{FAE04EC0-301F-11D3-BF4B-00C04F79EFBC}") = "DbContext_ExternalConfiguration", "DbContext\DbContext_ExternalConfiguration\DbContext_ExternalConfiguration.csproj", "{5DDE5F1B-4845-4209-9BE2-2AF909D4F7D2}"
EndProject
Project("{FAE04EC0-301F-11D3-BF4B-00C04F79EFBC}") = "DbContext_DependencyInjection", "DbContext\DbContext_DependencyInjection\DbContext_DependencyInjection.csproj", "{EEA9D52E-738E-405B-BC5E-99DF29FE777E}"
EndProject
Project("{FAE04EC0-301F-11D3-BF4B-00C04F79EFBC}") = "DbContext_Factory", "DbContext\DbContext_Factory\DbContext_Factory.csproj", "{3DA7C48B-FC80-4CF3-8D13-856A34881F12}"
EndProject
Project("{2150E333-8FDC-42A3-9474-1A3956D46DE8}") = "DataBaseFirst", "DataBaseFirst", "{DF00F851-47E3-49E6-9CB8-C054EE4BAED0}"
EndProject
Project("{FAE04EC0-301F-11D3-BF4B-00C04F79EFBC}") = "DataBaseFirst_Simple", "DataBaseFirst\DataBaseFirst_Simple\DataBaseFirst_Simple.csproj", "{721780E3-1AFD-4993-AA7F-4A002798A841}"
EndProject
Project("{2150E333-8FDC-42A3-9474-1A3956D46DE8}") = "Configuration", "Configuration", "{132B00CA-BDEC-40A3-9C6A-BCAE2F3FCA31}"
EndProject
Project("{FAE04EC0-301F-11D3-BF4B-00C04F79EFBC}") = "Configuration_FluentAPI", "Configuration\Configuration_FluentAPI\Configuration_FluentAPI.csproj", "{0C386B38-6241-49F6-8092-0E94B787A620}"
EndProject
Project("{FAE04EC0-301F-11D3-BF4B-00C04F79EFBC}") = "Configuration_GroupingConfiguration", "Configuration\Configuration_GroupingConfiguration\Configuration_GroupingConfiguration.csproj", "{09779767-3741-4B91-852C-09D64452AA41}"
EndProject
Project("{FAE04EC0-301F-11D3-BF4B-00C04F79EFBC}") = "Configuration_GroupingAssembly", "Configuration\Configuration_GroupingAssembly\Configuration_GroupingAssembly.csproj", "{1CB57D77-F220-42C1-A7F8-8483C86D3CD7}"
EndProject
Project("{2150E333-8FDC-42A3-9474-1A3956D46DE8}") = "CodeFirst", "CodeFirst", "{348BAD5A-8E7C-4532-8976-E2FA1ABFA9D5}"
EndProject
Project("{FAE04EC0-301F-11D3-BF4B-00C04F79EFBC}") = "EF_ConsoleApp_CodeFirst", "CodeFirst\EF_ConsoleApp_CodeFirst\EF_ConsoleApp_CodeFirst.csproj", "{0D356A59-92BD-47E2-A7DF-FB07AE7A155D}"
EndProject
Global
	GlobalSection(SolutionConfigurationPlatforms) = preSolution
		Debug|Any CPU = Debug|Any CPU
		Release|Any CPU = Release|Any CPU
	EndGlobalSection
	GlobalSection(ProjectConfigurationPlatforms) = postSolution
		{8427D2A6-983F-4A50-8961-7FAACF536793}.Debug|Any CPU.ActiveCfg = Debug|Any CPU
		{8427D2A6-983F-4A50-8961-7FAACF536793}.Debug|Any CPU.Build.0 = Debug|Any CPU
		{8427D2A6-983F-4A50-8961-7FAACF536793}.Release|Any CPU.ActiveCfg = Release|Any CPU
		{8427D2A6-983F-4A50-8961-7FAACF536793}.Release|Any CPU.Build.0 = Release|Any CPU
		{5DDE5F1B-4845-4209-9BE2-2AF909D4F7D2}.Debug|Any CPU.ActiveCfg = Debug|Any CPU
		{5DDE5F1B-4845-4209-9BE2-2AF909D4F7D2}.Debug|Any CPU.Build.0 = Debug|Any CPU
		{5DDE5F1B-4845-4209-9BE2-2AF909D4F7D2}.Release|Any CPU.ActiveCfg = Release|Any CPU
		{5DDE5F1B-4845-4209-9BE2-2AF909D4F7D2}.Release|Any CPU.Build.0 = Release|Any CPU
		{EEA9D52E-738E-405B-BC5E-99DF29FE777E}.Debug|Any CPU.ActiveCfg = Debug|Any CPU
		{EEA9D52E-738E-405B-BC5E-99DF29FE777E}.Debug|Any CPU.Build.0 = Debug|Any CPU
		{EEA9D52E-738E-405B-BC5E-99DF29FE777E}.Release|Any CPU.ActiveCfg = Release|Any CPU
		{EEA9D52E-738E-405B-BC5E-99DF29FE777E}.Release|Any CPU.Build.0 = Release|Any CPU
		{3DA7C48B-FC80-4CF3-8D13-856A34881F12}.Debug|Any CPU.ActiveCfg = Debug|Any CPU
		{3DA7C48B-FC80-4CF3-8D13-856A34881F12}.Debug|Any CPU.Build.0 = Debug|Any CPU
		{3DA7C48B-FC80-4CF3-8D13-856A34881F12}.Release|Any CPU.ActiveCfg = Release|Any CPU
		{3DA7C48B-FC80-4CF3-8D13-856A34881F12}.Release|Any CPU.Build.0 = Release|Any CPU
		{721780E3-1AFD-4993-AA7F-4A002798A841}.Debug|Any CPU.ActiveCfg = Debug|Any CPU
		{721780E3-1AFD-4993-AA7F-4A002798A841}.Debug|Any CPU.Build.0 = Debug|Any CPU
		{721780E3-1AFD-4993-AA7F-4A002798A841}.Release|Any CPU.ActiveCfg = Release|Any CPU
		{721780E3-1AFD-4993-AA7F-4A002798A841}.Release|Any CPU.Build.0 = Release|Any CPU
		{0C386B38-6241-49F6-8092-0E94B787A620}.Debug|Any CPU.ActiveCfg = Debug|Any CPU
		{0C386B38-6241-49F6-8092-0E94B787A620}.Debug|Any CPU.Build.0 = Debug|Any CPU
		{0C386B38-6241-49F6-8092-0E94B787A620}.Release|Any CPU.ActiveCfg = Release|Any CPU
		{0C386B38-6241-49F6-8092-0E94B787A620}.Release|Any CPU.Build.0 = Release|Any CPU
		{09779767-3741-4B91-852C-09D64452AA41}.Debug|Any CPU.ActiveCfg = Debug|Any CPU
		{09779767-3741-4B91-852C-09D64452AA41}.Debug|Any CPU.Build.0 = Debug|Any CPU
		{09779767-3741-4B91-852C-09D64452AA41}.Release|Any CPU.ActiveCfg = Release|Any CPU
		{09779767-3741-4B91-852C-09D64452AA41}.Release|Any CPU.Build.0 = Release|Any CPU
		{1CB57D77-F220-42C1-A7F8-8483C86D3CD7}.Debug|Any CPU.ActiveCfg = Debug|Any CPU
		{1CB57D77-F220-42C1-A7F8-8483C86D3CD7}.Debug|Any CPU.Build.0 = Debug|Any CPU
		{1CB57D77-F220-42C1-A7F8-8483C86D3CD7}.Release|Any CPU.ActiveCfg = Release|Any CPU
		{1CB57D77-F220-42C1-A7F8-8483C86D3CD7}.Release|Any CPU.Build.0 = Release|Any CPU
		{0D356A59-92BD-47E2-A7DF-FB07AE7A155D}.Debug|Any CPU.ActiveCfg = Debug|Any CPU
		{0D356A59-92BD-47E2-A7DF-FB07AE7A155D}.Debug|Any CPU.Build.0 = Debug|Any CPU
		{0D356A59-92BD-47E2-A7DF-FB07AE7A155D}.Release|Any CPU.ActiveCfg = Release|Any CPU
		{0D356A59-92BD-47E2-A7DF-FB07AE7A155D}.Release|Any CPU.Build.0 = Release|Any CPU
	EndGlobalSection
	GlobalSection(SolutionProperties) = preSolution
		HideSolutionNode = FALSE
	EndGlobalSection
	GlobalSection(NestedProjects) = preSolution
		{8427D2A6-983F-4A50-8961-7FAACF536793} = {1FD74CB3-1CCC-42A2-BE2F-F7726059268C}
		{5DDE5F1B-4845-4209-9BE2-2AF909D4F7D2} = {1FD74CB3-1CCC-42A2-BE2F-F7726059268C}
		{EEA9D52E-738E-405B-BC5E-99DF29FE777E} = {1FD74CB3-1CCC-42A2-BE2F-F7726059268C}
		{3DA7C48B-FC80-4CF3-8D13-856A34881F12} = {1FD74CB3-1CCC-42A2-BE2F-F7726059268C}
		{721780E3-1AFD-4993-AA7F-4A002798A841} = {DF00F851-47E3-49E6-9CB8-C054EE4BAED0}
		{0C386B38-6241-49F6-8092-0E94B787A620} = {132B00CA-BDEC-40A3-9C6A-BCAE2F3FCA31}
		{09779767-3741-4B91-852C-09D64452AA41} = {132B00CA-BDEC-40A3-9C6A-BCAE2F3FCA31}
		{1CB57D77-F220-42C1-A7F8-8483C86D3CD7} = {132B00CA-BDEC-40A3-9C6A-BCAE2F3FCA31}
		{0D356A59-92BD-47E2-A7DF-FB07AE7A155D} = {348BAD5A-8E7C-4532-8976-E2FA1ABFA9D5}
	EndGlobalSection
EndGlobal
